// !$*UTF8*$!
{
	archiveVersion = 1;
	classes = {
	};
	objectVersion = 48;
	objects = {

/* Begin PBXBuildFile section */
		EF80EBDA206D5A9B00E33867 /* AppDelegate.swift in Sources */ = {isa = PBXBuildFile; fileRef = EF80EBD9206D5A9B00E33867 /* AppDelegate.swift */; };
		EF80EBDC206D5A9B00E33867 /* ViewController.swift in Sources */ = {isa = PBXBuildFile; fileRef = EF80EBDB206D5A9B00E33867 /* ViewController.swift */; };
		EF80EBDF206D5A9B00E33867 /* Main.storyboard in Resources */ = {isa = PBXBuildFile; fileRef = EF80EBDD206D5A9B00E33867 /* Main.storyboard */; };
		EF80EBE1206D5A9B00E33867 /* Assets.xcassets in Resources */ = {isa = PBXBuildFile; fileRef = EF80EBE0206D5A9B00E33867 /* Assets.xcassets */; };
		EF80EBE4206D5A9B00E33867 /* LaunchScreen.storyboard in Resources */ = {isa = PBXBuildFile; fileRef = EF80EBE2206D5A9B00E33867 /* LaunchScreen.storyboard */; };
/* End PBXBuildFile section */

/* Begin PBXFileReference section */
		EF80EBD6206D5A9B00E33867 /* yesiminch.app */ = {isa = PBXFileReference; explicitFileType = wrapper.application; includeInIndex = 0; path = yesiminch.app; sourceTree = BUILT_PRODUCTS_DIR; };
		EF80EBD9206D5A9B00E33867 /* AppDelegate.swift */ = {isa = PBXFileReference; lastKnownFileType = sourcecode.swift; path = AppDelegate.swift; sourceTree = "<group>"; };
		EF80EBDB206D5A9B00E33867 /* ViewController.swift */ = {isa = PBXFileReference; lastKnownFileType = sourcecode.swift; path = ViewController.swift; sourceTree = "<group>"; };
		EF80EBDE206D5A9B00E33867 /* Base */ = {isa = PBXFileReference; lastKnownFileType = file.storyboard; name = Base; path = Base.lproj/Main.storyboard; sourceTree = "<group>"; };
		EF80EBE0206D5A9B00E33867 /* Assets.xcassets */ = {isa = PBXFileReference; lastKnownFileType = folder.assetcatalog; path = Assets.xcassets; sourceTree = "<group>"; };
		EF80EBE3206D5A9B00E33867 /* Base */ = {isa = PBXFileReference; lastKnownFileType = file.storyboard; name = Base; path = Base.lproj/LaunchScreen.storyboard; sourceTree = "<group>"; };
		EF80EBE5206D5A9B00E33867 /* Info.plist */ = {isa = PBXFileReference; lastKnownFileType = text.plist.xml; path = Info.plist; sourceTree = "<group>"; };
/* End PBXFileReference section */

/* Begin PBXFrameworksBuildPhase section */
		EF80EBD3206D5A9B00E33867 /* Frameworks */ = {
			isa = PBXFrameworksBuildPhase;
			buildActionMask = 2147483647;
			files = (
			);
			runOnlyForDeploymentPostprocessing = 0;
		};
/* End PBXFrameworksBuildPhase section */

/* Begin PBXGroup section */
		EF80EBCD206D5A9B00E33867 = {
			isa = PBXGroup;
			children = (
				EF80EBD8206D5A9B00E33867 /* yesiminch */,
				EF80EBD7206D5A9B00E33867 /* Products */,
			);
			sourceTree = "<group>";
		};
		EF80EBD7206D5A9B00E33867 /* Products */ = {
			isa = PBXGroup;
			children = (
				EF80EBD6206D5A9B00E33867 /* yesiminch.app */,
			);
			name = Products;
			sourceTree = "<group>";
		};
		EF80EBD8206D5A9B00E33867 /* yesiminch */ = {
			isa = PBXGroup;
			children = (
				EF80EBD9206D5A9B00E33867 /* AppDelegate.swift */,
				EF80EBDB206D5A9B00E33867 /* ViewController.swift */,
				EF80EBDD206D5A9B00E33867 /* Main.storyboard */,
				EF80EBE0206D5A9B00E33867 /* Assets.xcassets */,
				EF80EBE2206D5A9B00E33867 /* LaunchScreen.storyboard */,
				EF80EBE5206D5A9B00E33867 /* Info.plist */,
			);
			path = yesiminch;
			sourceTree = "<group>";
		};
/* End PBXGroup section */

/* Begin PBXNativeTarget section */
		EF80EBD5206D5A9B00E33867 /* yesiminch */ = {
			isa = PBXNativeTarget;
			buildConfigurationList = EF80EBE8206D5A9B00E33867 /* Build configuration list for PBXNativeTarget "yesiminch" */;
			buildPhases = (
				EF80EBD2206D5A9B00E33867 /* Sources */,
				EF80EBD3206D5A9B00E33867 /* Frameworks */,
				EF80EBD4206D5A9B00E33867 /* Resources */,
			);
			buildRules = (
			);
			dependencies = (
			);
			name = yesiminch;
			productName = yesiminch;
			productReference = EF80EBD6206D5A9B00E33867 /* yesiminch.app */;
			productType = "com.apple.product-type.application";
		};
/* End PBXNativeTarget section */

/* Begin PBXProject section */
		EF80EBCE206D5A9B00E33867 /* Project object */ = {
			isa = PBXProject;
			attributes = {
				LastSwiftUpdateCheck = 0920;
				LastUpgradeCheck = 0920;
				ORGANIZATIONNAME = astghik;
				TargetAttributes = {
					EF80EBD5206D5A9B00E33867 = {
						CreatedOnToolsVersion = 9.2;
						ProvisioningStyle = Automatic;
					};
				};
			};
			buildConfigurationList = EF80EBD1206D5A9B00E33867 /* Build configuration list for PBXProject "yesiminch" */;
			compatibilityVersion = "Xcode 8.0";
			developmentRegion = en;
			hasScannedForEncodings = 0;
			knownRegions = (
				en,
				Base,
			);
			mainGroup = EF80EBCD206D5A9B00E33867;
			productRefGroup = EF80EBD7206D5A9B00E33867 /* Products */;
			projectDirPath = "";
			projectRoot = "";
			targets = (
				EF80EBD5206D5A9B00E33867 /* yesiminch */,
			);
		};
/* End PBXProject section */

/* Begin PBXResourcesBuildPhase section */
		EF80EBD4206D5A9B00E33867 /* Resources */ = {
			isa = PBXResourcesBuildPhase;
			buildActionMask = 2147483647;
			files = (
				EF80EBE4206D5A9B00E33867 /* LaunchScreen.storyboard in Resources */,
				EF80EBE1206D5A9B00E33867 /* Assets.xcassets in Resources */,
				EF80EBDF206D5A9B00E33867 /* Main.storyboard in Resources */,
			);
			runOnlyForDeploymentPostprocessing = 0;
		};
/* End PBXResourcesBuildPhase section */

/* Begin PBXSourcesBuildPhase section */
		EF80EBD2206D5A9B00E33867 /* Sources */ = {
			isa = PBXSourcesBuildPhase;
			buildActionMask = 2147483647;
			files = (
				EF80EBDC206D5A9B00E33867 /* ViewController.swift in Sources */,
				EF80EBDA206D5A9B00E33867 /* AppDelegate.swift in Sources */,
			);
			runOnlyForDeploymentPostprocessing = 0;
		};
/* End PBXSourcesBuildPhase section */

/* Begin PBXVariantGroup section */
		EF80EBDD206D5A9B00E33867 /* Main.storyboard */ = {
			isa = PBXVariantGroup;
			children = (
				EF80EBDE206D5A9B00E33867 /* Base */,
			);
			name = Main.storyboard;
			sourceTree = "<group>";
		};
		EF80EBE2206D5A9B00E33867 /* LaunchScreen.storyboard */ = {
			isa = PBXVariantGroup;
			children = (
				EF80EBE3206D5A9B00E33867 /* Base */,
			);
			name = LaunchScreen.storyboard;
			sourceTree = "<group>";
		};
/* End PBXVariantGroup section */

/* Begin XCBuildConfiguration section */
		EF80EBE6206D5A9B00E33867 /* Debug */ = {
			isa = XCBuildConfiguration;
			buildSettings = {
				ALWAYS_SEARCH_USER_PATHS = NO;
				CLANG_ANALYZER_NONNULL = YES;
				CLANG_ANALYZER_NUMBER_OBJECT_CONVERSION = YES_AGGRESSIVE;
				CLANG_CXX_LANGUAGE_STANDARD = "gnu++14";
				CLANG_CXX_LIBRARY = "libc++";
				CLANG_ENABLE_MODULES = YES;
				CLANG_ENABLE_OBJC_ARC = YES;
				CLANG_WARN_BLOCK_CAPTURE_AUTORELEASING = YES;
				CLANG_WARN_BOOL_CONVERSION = YES;
				CLANG_WARN_COMMA = YES;
				CLANG_WARN_CONSTANT_CONVERSION = YES;
				CLANG_WARN_DIRECT_OBJC_ISA_USAGE = YES_ERROR;
				CLANG_WARN_DOCUMENTATION_COMMENTS = YES;
				CLANG_WARN_EMPTY_BODY = YES;
				CLANG_WARN_ENUM_CONVERSION = YES;
				CLANG_WARN_INFINITE_RECURSION = YES;
				CLANG_WARN_INT_CONVERSION = YES;
				CLANG_WARN_NON_LITERAL_NULL_CONVERSION = YES;
				CLANG_WARN_OBJC_LITERAL_CONVERSION = YES;
				CLANG_WARN_OBJC_ROOT_CLASS = YES_ERROR;
				CLANG_WARN_RANGE_LOOP_ANALYSIS = YES;
				CLANG_WARN_STRICT_PROTOTYPES = YES;
				CLANG_WARN_SUSPICIOUS_MOVE = YES;
				CLANG_WARN_UNGUARDED_AVAILABILITY = YES_AGGRESSIVE;
				CLANG_WARN_UNREACHABLE_CODE = YES;
				CLANG_WARN__DUPLICATE_METHOD_MATCH = YES;
				CODE_SIGN_IDENTITY = "iPhone Developer";
				COPY_PHASE_STRIP = NO;
				DEBUG_INFORMATION_FORMAT = dwarf;
				ENABLE_STRICT_OBJC_MSGSEND = YES;
				ENABLE_TESTABILITY = YES;
				GCC_C_LANGUAGE_STANDARD = gnu11;
				GCC_DYNAMIC_NO_PIC = NO;
				GCC_NO_COMMON_BLOCKS = YES;
				GCC_OPTIMIZATION_LEVEL = 0;
				GCC_PREPROCESSOR_DEFINITIONS = (
					"DEBUG=1",
					"$(inherited)",
				);
				GCC_WARN_64_TO_32_BIT_CONVERSION = YES;
				GCC_WARN_ABOUT_RETURN_TYPE = YES_ERROR;
				GCC_WARN_UNDECLARED_SELECTOR = YES;
				GCC_WARN_UNINITIALIZED_AUTOS = YES_AGGRESSIVE;
				GCC_WARN_UNUSED_FUNCTION = YES;
				GCC_WARN_UNUSED_VARIABLE = YES;
				IPHONEOS_DEPLOYMENT_TARGET = 11.2;
				MTL_ENABLE_DEBUG_INFO = YES;
				ONLY_ACTIVE_ARCH = YES;
				SDKROOT = iphoneos;
				SWIFT_ACTIVE_COMPILATION_CONDITIONS = DEBUG;
				SWIFT_OPTIMIZATION_LEVEL = "-Onone";
			};
			name = Debug;
		};
		EF80EBE7206D5A9B00E33867 /* Release */ = {
			isa = XCBuildConfiguration;
			buildSettings = {
				ALWAYS_SEARCH_USER_PATHS = NO;
				CLANG_ANALYZER_NONNULL = YES;
				CLANG_ANALYZER_NUMBER_OBJECT_CONVERSION = YES_AGGRESSIVE;
				CLANG_CXX_LANGUAGE_STANDARD = "gnu++14";
				CLANG_CXX_LIBRARY = "libc++";
				CLANG_ENABLE_MODULES = YES;
				CLANG_ENABLE_OBJC_ARC = YES;
				CLANG_WARN_BLOCK_CAPTURE_AUTORELEASING = YES;
				CLANG_WARN_BOOL_CONVERSION = YES;
				CLANG_WARN_COMMA = YES;
				CLANG_WARN_CONSTANT_CONVERSION = YES;
				CLANG_WARN_DIRECT_OBJC_ISA_USAGE = YES_ERROR;
				CLANG_WARN_DOCUMENTATION_COMMENTS = YES;
				CLANG_WARN_EMPTY_BODY = YES;
				CLANG_WARN_ENUM_CONVERSION = YES;
				CLANG_WARN_INFINITE_RECURSION = YES;
				CLANG_WARN_INT_CONVERSION = YES;
				CLANG_WARN_NON_LITERAL_NULL_CONVERSION = YES;
				CLANG_WARN_OBJC_LITERAL_CONVERSION = YES;
				CLANG_WARN_OBJC_ROOT_CLASS = YES_ERROR;
				CLANG_WARN_RANGE_LOOP_ANALYSIS = YES;
				CLANG_WARN_STRICT_PROTOTYPES = YES;
				CLANG_WARN_SUSPICIOUS_MOVE = YES;
				CLANG_WARN_UNGUARDED_AVAILABILITY = YES_AGGRESSIVE;
				CLANG_WARN_UNREACHABLE_CODE = YES;
				CLANG_WARN__DUPLICATE_METHOD_MATCH = YES;
				CODE_SIGN_IDENTITY = "iPhone Developer";
				COPY_PHASE_STRIP = NO;
				DEBUG_INFORMATION_FORMAT = "dwarf-with-dsym";
				ENABLE_NS_ASSERTIONS = NO;
				ENABLE_STRICT_OBJC_MSGSEND = YES;
				GCC_C_LANGUAGE_STANDARD = gnu11;
				GCC_NO_COMMON_BLOCKS = YES;
				GCC_WARN_64_TO_32_BIT_CONVERSION = YES;
				GCC_WARN_ABOUT_RETURN_TYPE = YES_ERROR;
				GCC_WARN_UNDECLARED_SELECTOR = YES;
				GCC_WARN_UNINITIALIZED_AUTOS = YES_AGGRESSIVE;
				GCC_WARN_UNUSED_FUNCTION = YES;
				GCC_WARN_UNUSED_VARIABLE = YES;
				IPHONEOS_DEPLOYMENT_TARGET = 11.2;
				MTL_ENABLE_DEBUG_INFO = NO;
				SDKROOT = iphoneos;
				SWIFT_OPTIMIZATION_LEVEL = "-Owholemodule";
				VALIDATE_PRODUCT = YES;
			};
			name = Release;
		};
		EF80EBE9206D5A9B00E33867 /* Debug */ = {
			isa = XCBuildConfiguration;
			buildSettings = {
				ASSETCATALOG_COMPILER_APPICON_NAME = AppIcon;
				CODE_SIGN_STYLE = Automatic;
				INFOPLIST_FILE = yesiminch/Info.plist;
				LD_RUNPATH_SEARCH_PATHS = "$(inherited) @executable_path/Frameworks";
				PRODUCT_BUNDLE_IDENTIFIER = com.example.yesiminch;
				PRODUCT_NAME = "$(TARGET_NAME)";
				SWIFT_VERSION = 4.0;
				TARGETED_DEVICE_FAMILY = "1,2";
			};
			name = Debug;
		};
		EF80EBEA206D5A9B00E33867 /* Release */ = {
			isa = XCBuildConfiguration;
			buildSettings = {
				ASSETCATALOG_COMPILER_APPICON_NAME = AppIcon;
				CODE_SIGN_STYLE = Automatic;
				INFOPLIST_FILE = yesiminch/Info.plist;
				LD_RUNPATH_SEARCH_PATHS = "$(inherited) @executable_path/Frameworks";
				PRODUCT_BUNDLE_IDENTIFIER = com.example.yesiminch;
				PRODUCT_NAME = "$(TARGET_NAME)";
				SWIFT_VERSION = 4.0;
				TARGETED_DEVICE_FAMILY = "1,2";
			};
			name = Release;
		};
/* End XCBuildConfiguration section */

/* Begin XCConfigurationList section */
		EF80EBD1206D5A9B00E33867 /* Build configuration list for PBXProject "yesiminch" */ = {
			isa = XCConfigurationList;
			buildConfigurations = (
				EF80EBE6206D5A9B00E33867 /* Debug */,
				EF80EBE7206D5A9B00E33867 /* Release */,
			);
			defaultConfigurationIsVisible = 0;
			defaultConfigurationName = Release;
		};
		EF80EBE8206D5A9B00E33867 /* Build configuration list for PBXNativeTarget "yesiminch" */ = {
			isa = XCConfigurationList;
			buildConfigurations = (
				EF80EBE9206D5A9B00E33867 /* Debug */,
				EF80EBEA206D5A9B00E33867 /* Release */,
			);
			defaultConfigurationIsVisible = 0;
			defaultConfigurationName = Release;
		};
/* End XCConfigurationList section */
	};
	rootObject = EF80EBCE206D5A9B00E33867 /* Project object */;
}
